
Microsoft Visual Studio Solution File, Format Version 12.00
# Visual Studio Version 17
VisualStudioVersion = 17.7.34018.315
MinimumVisualStudioVersion = 10.0.40219.1
Project("{9A19103F-16F7-4668-BE54-9A1E7A4F7556}") = "App4", "App4\App4.csproj", "{65967907-9E4B-4864-8E0D-B722DDA0DF27}"
EndProject
Project("{9A19103F-16F7-4668-BE54-9A1E7A4F7556}") = "App6", "App6\App6.csproj", "{A8E92FB1-02A0-4708-B5F2-4CBEF6D1EE5B}"
EndProject
Project("{9A19103F-16F7-4668-BE54-9A1E7A4F7556}") = "App11", "App11\App11.csproj", "{D02E18BD-F47B-46AA-8FB7-A537FE822349}"
EndProject
Project("{9A19103F-16F7-4668-BE54-9A1E7A4F7556}") = "AppsBackend", "AppsBackend\AppsBackend.csproj", "{3F33FD7D-B0FF-4E83-BFE3-27B1876534EF}"
EndProject
Project("{9A19103F-16F7-4668-BE54-9A1E7A4F7556}") = "App1", "App1\App1.csproj", "{B525C937-FEA3-42D3-8B02-D932C96F67FD}"
EndProject
Project("{9A19103F-16F7-4668-BE54-9A1E7A4F7556}") = "App2", "App2\App2.csproj", "{2BD63B77-7F33-4A18-8C17-FE2A79037FC1}"
EndProject
Project("{9A19103F-16F7-4668-BE54-9A1E7A4F7556}") = "App3", "App3\App3.csproj", "{8D4E2C24-E015-45D9-ABD6-CD32A3E0D5BD}"
EndProject
Project("{9A19103F-16F7-4668-BE54-9A1E7A4F7556}") = "App5", "App5\App5.csproj", "{BF95F0D2-CDD0-4B00-9367-88C3C6B96683}"
EndProject
Project("{9A19103F-16F7-4668-BE54-9A1E7A4F7556}") = "App7", "App7\App7.csproj", "{1812267E-3651-4012-A52B-4D1FB989D24A}"
EndProject
Project("{9A19103F-16F7-4668-BE54-9A1E7A4F7556}") = "App8", "App8\App8.csproj", "{2B6CE08F-1A11-4225-9841-330581CB21A2}"
EndProject
Project("{9A19103F-16F7-4668-BE54-9A1E7A4F7556}") = "App9", "App9\App9.csproj", "{AFB9FE92-62F0-4702-BA83-142C6AB66F54}"
EndProject
Project("{9A19103F-16F7-4668-BE54-9A1E7A4F7556}") = "App10", "App10\App10.csproj", "{225201E1-0598-4FA2-A5CB-4BF9B3361392}"
EndProject
Project("{FAE04EC0-301F-11D3-BF4B-00C04F79EFBC}") = "App12", "App12\App12.csproj", "{CD1F9E0F-0465-49E9-ABD5-8D26DAA8EAEB}"
EndProject
Project("{FAE04EC0-301F-11D3-BF4B-00C04F79EFBC}") = "App13", "App13\App13.csproj", "{704B454C-BB7B-4ACE-AB2E-D5D962B12F7B}"
EndProject
Global
	GlobalSection(SolutionConfigurationPlatforms) = preSolution
		Debug|Any CPU = Debug|Any CPU
		Release|Any CPU = Release|Any CPU
	EndGlobalSection
	GlobalSection(ProjectConfigurationPlatforms) = postSolution
		{65967907-9E4B-4864-8E0D-B722DDA0DF27}.Debug|Any CPU.ActiveCfg = Debug|Any CPU
		{65967907-9E4B-4864-8E0D-B722DDA0DF27}.Debug|Any CPU.Build.0 = Debug|Any CPU
		{65967907-9E4B-4864-8E0D-B722DDA0DF27}.Release|Any CPU.ActiveCfg = Release|Any CPU
		{65967907-9E4B-4864-8E0D-B722DDA0DF27}.Release|Any CPU.Build.0 = Release|Any CPU
		{A8E92FB1-02A0-4708-B5F2-4CBEF6D1EE5B}.Debug|Any CPU.ActiveCfg = Debug|Any CPU
		{A8E92FB1-02A0-4708-B5F2-4CBEF6D1EE5B}.Debug|Any CPU.Build.0 = Debug|Any CPU
		{A8E92FB1-02A0-4708-B5F2-4CBEF6D1EE5B}.Release|Any CPU.ActiveCfg = Release|Any CPU
		{A8E92FB1-02A0-4708-B5F2-4CBEF6D1EE5B}.Release|Any CPU.Build.0 = Release|Any CPU
		{D02E18BD-F47B-46AA-8FB7-A537FE822349}.Debug|Any CPU.ActiveCfg = Debug|Any CPU
		{D02E18BD-F47B-46AA-8FB7-A537FE822349}.Debug|Any CPU.Build.0 = Debug|Any CPU
		{D02E18BD-F47B-46AA-8FB7-A537FE822349}.Release|Any CPU.ActiveCfg = Release|Any CPU
		{D02E18BD-F47B-46AA-8FB7-A537FE822349}.Release|Any CPU.Build.0 = Release|Any CPU
		{3F33FD7D-B0FF-4E83-BFE3-27B1876534EF}.Debug|Any CPU.ActiveCfg = Debug|Any CPU
		{3F33FD7D-B0FF-4E83-BFE3-27B1876534EF}.Debug|Any CPU.Build.0 = Debug|Any CPU
		{3F33FD7D-B0FF-4E83-BFE3-27B1876534EF}.Release|Any CPU.ActiveCfg = Release|Any CPU
		{3F33FD7D-B0FF-4E83-BFE3-27B1876534EF}.Release|Any CPU.Build.0 = Release|Any CPU
		{B525C937-FEA3-42D3-8B02-D932C96F67FD}.Debug|Any CPU.ActiveCfg = Debug|Any CPU
		{B525C937-FEA3-42D3-8B02-D932C96F67FD}.Debug|Any CPU.Build.0 = Debug|Any CPU
		{B525C937-FEA3-42D3-8B02-D932C96F67FD}.Release|Any CPU.ActiveCfg = Release|Any CPU
		{B525C937-FEA3-42D3-8B02-D932C96F67FD}.Release|Any CPU.Build.0 = Release|Any CPU
		{2BD63B77-7F33-4A18-8C17-FE2A79037FC1}.Debug|Any CPU.ActiveCfg = Debug|Any CPU
		{2BD63B77-7F33-4A18-8C17-FE2A79037FC1}.Debug|Any CPU.Build.0 = Debug|Any CPU
		{2BD63B77-7F33-4A18-8C17-FE2A79037FC1}.Release|Any CPU.ActiveCfg = Release|Any CPU
		{2BD63B77-7F33-4A18-8C17-FE2A79037FC1}.Release|Any CPU.Build.0 = Release|Any CPU
		{8D4E2C24-E015-45D9-ABD6-CD32A3E0D5BD}.Debug|Any CPU.ActiveCfg = Debug|Any CPU
		{8D4E2C24-E015-45D9-ABD6-CD32A3E0D5BD}.Debug|Any CPU.Build.0 = Debug|Any CPU
		{8D4E2C24-E015-45D9-ABD6-CD32A3E0D5BD}.Release|Any CPU.ActiveCfg = Release|Any CPU
		{8D4E2C24-E015-45D9-ABD6-CD32A3E0D5BD}.Release|Any CPU.Build.0 = Release|Any CPU
		{BF95F0D2-CDD0-4B00-9367-88C3C6B96683}.Debug|Any CPU.ActiveCfg = Debug|Any CPU
		{BF95F0D2-CDD0-4B00-9367-88C3C6B96683}.Debug|Any CPU.Build.0 = Debug|Any CPU
		{BF95F0D2-CDD0-4B00-9367-88C3C6B96683}.Release|Any CPU.ActiveCfg = Release|Any CPU
		{BF95F0D2-CDD0-4B00-9367-88C3C6B96683}.Release|Any CPU.Build.0 = Release|Any CPU
		{1812267E-3651-4012-A52B-4D1FB989D24A}.Debug|Any CPU.ActiveCfg = Debug|Any CPU
		{1812267E-3651-4012-A52B-4D1FB989D24A}.Debug|Any CPU.Build.0 = Debug|Any CPU
		{1812267E-3651-4012-A52B-4D1FB989D24A}.Release|Any CPU.ActiveCfg = Release|Any CPU
		{1812267E-3651-4012-A52B-4D1FB989D24A}.Release|Any CPU.Build.0 = Release|Any CPU
		{2B6CE08F-1A11-4225-9841-330581CB21A2}.Debug|Any CPU.ActiveCfg = Debug|Any CPU
		{2B6CE08F-1A11-4225-9841-330581CB21A2}.Debug|Any CPU.Build.0 = Debug|Any CPU
		{2B6CE08F-1A11-4225-9841-330581CB21A2}.Release|Any CPU.ActiveCfg = Release|Any CPU
		{2B6CE08F-1A11-4225-9841-330581CB21A2}.Release|Any CPU.Build.0 = Release|Any CPU
		{AFB9FE92-62F0-4702-BA83-142C6AB66F54}.Debug|Any CPU.ActiveCfg = Debug|Any CPU
		{AFB9FE92-62F0-4702-BA83-142C6AB66F54}.Debug|Any CPU.Build.0 = Debug|Any CPU
		{AFB9FE92-62F0-4702-BA83-142C6AB66F54}.Release|Any CPU.ActiveCfg = Release|Any CPU
		{AFB9FE92-62F0-4702-BA83-142C6AB66F54}.Release|Any CPU.Build.0 = Release|Any CPU
		{225201E1-0598-4FA2-A5CB-4BF9B3361392}.Debug|Any CPU.ActiveCfg = Debug|Any CPU
		{225201E1-0598-4FA2-A5CB-4BF9B3361392}.Debug|Any CPU.Build.0 = Debug|Any CPU
		{225201E1-0598-4FA2-A5CB-4BF9B3361392}.Release|Any CPU.ActiveCfg = Release|Any CPU
		{225201E1-0598-4FA2-A5CB-4BF9B3361392}.Release|Any CPU.Build.0 = Release|Any CPU
		{CD1F9E0F-0465-49E9-ABD5-8D26DAA8EAEB}.Debug|Any CPU.ActiveCfg = Debug|Any CPU
		{CD1F9E0F-0465-49E9-ABD5-8D26DAA8EAEB}.Debug|Any CPU.Build.0 = Debug|Any CPU
		{CD1F9E0F-0465-49E9-ABD5-8D26DAA8EAEB}.Release|Any CPU.ActiveCfg = Release|Any CPU
		{CD1F9E0F-0465-49E9-ABD5-8D26DAA8EAEB}.Release|Any CPU.Build.0 = Release|Any CPU
		{704B454C-BB7B-4ACE-AB2E-D5D962B12F7B}.Debug|Any CPU.ActiveCfg = Debug|Any CPU
		{704B454C-BB7B-4ACE-AB2E-D5D962B12F7B}.Debug|Any CPU.Build.0 = Debug|Any CPU
		{704B454C-BB7B-4ACE-AB2E-D5D962B12F7B}.Release|Any CPU.ActiveCfg = Release|Any CPU
		{704B454C-BB7B-4ACE-AB2E-D5D962B12F7B}.Release|Any CPU.Build.0 = Release|Any CPU
	EndGlobalSection
	GlobalSection(SolutionProperties) = preSolution
		HideSolutionNode = FALSE
	EndGlobalSection
	GlobalSection(ExtensibilityGlobals) = postSolution
		SolutionGuid = {A5E3B17A-685B-4652-9DB8-92545908C34F}
	EndGlobalSection
EndGlobal
